// !$*UTF8*$!
{
	archiveVersion = 1;
	classes = {
	};
	objectVersion = 56;
	objects = {

/* Begin PBXBuildFile section */
		571E82582C62307500F6E2C0 /* Localizable.strings in Resources */ = {isa = PBXBuildFile; fileRef = 571E82562C62307500F6E2C0 /* Localizable.strings */; };
		571E825B2C6230EC00F6E2C0 /* String+Extension.swift in Sources */ = {isa = PBXBuildFile; fileRef = 571E825A2C6230EC00F6E2C0 /* String+Extension.swift */; };
		577E12442C5B708F005903D8 /* SelectCategoryView.swift in Sources */ = {isa = PBXBuildFile; fileRef = 577E12432C5B708F005903D8 /* SelectCategoryView.swift */; };
		577E124A2C5B7587005903D8 /* SelectBackgroundView.swift in Sources */ = {isa = PBXBuildFile; fileRef = 577E12492C5B7587005903D8 /* SelectBackgroundView.swift */; };
		577E124C2C5B75E0005903D8 /* SelectGenderView.swift in Sources */ = {isa = PBXBuildFile; fileRef = 577E124B2C5B75E0005903D8 /* SelectGenderView.swift */; };
		577E124E2C5BA1AB005903D8 /* OnboardingViewModel.swift in Sources */ = {isa = PBXBuildFile; fileRef = 577E124D2C5BA1AB005903D8 /* OnboardingViewModel.swift */; };
		577E12512C5BB8DA005903D8 /* SettingsTableViewCellViewModel.swift in Sources */ = {isa = PBXBuildFile; fileRef = 577E12502C5BB8DA005903D8 /* SettingsTableViewCellViewModel.swift */; };
		577EAFB62C5CB0AF0074D143 /* SettingsModel.swift in Sources */ = {isa = PBXBuildFile; fileRef = 577EAFB52C5CB0AF0074D143 /* SettingsModel.swift */; };
		57BFE6CC2C5A13AC00282369 /* AffirmationsApp.swift in Sources */ = {isa = PBXBuildFile; fileRef = 57BFE6CB2C5A13AC00282369 /* AffirmationsApp.swift */; };
		57BFE6CE2C5A13AC00282369 /* AffirmationsView.swift in Sources */ = {isa = PBXBuildFile; fileRef = 57BFE6CD2C5A13AC00282369 /* AffirmationsView.swift */; };
		57BFE6D02C5A13AD00282369 /* Assets.xcassets in Resources */ = {isa = PBXBuildFile; fileRef = 57BFE6CF2C5A13AD00282369 /* Assets.xcassets */; };
		57BFE6D32C5A13AD00282369 /* Preview Assets.xcassets in Resources */ = {isa = PBXBuildFile; fileRef = 57BFE6D22C5A13AD00282369 /* Preview Assets.xcassets */; };
		57BFE6DA2C5A1FBC00282369 /* AffirmationsViewModel.swift in Sources */ = {isa = PBXBuildFile; fileRef = 57BFE6D92C5A1FBB00282369 /* AffirmationsViewModel.swift */; };
		57BFE6E42C5A741600282369 /* SettingsView.swift in Sources */ = {isa = PBXBuildFile; fileRef = 57BFE6E32C5A741600282369 /* SettingsView.swift */; };
		57BFE6E62C5A742500282369 /* SettingsViewModel.swift in Sources */ = {isa = PBXBuildFile; fileRef = 57BFE6E52C5A742500282369 /* SettingsViewModel.swift */; };
		57BFE6E82C5A869B00282369 /* SettingsTableViewCell.swift in Sources */ = {isa = PBXBuildFile; fileRef = 57BFE6E72C5A869B00282369 /* SettingsTableViewCell.swift */; };
		57BFE6EA2C5A945400282369 /* SettingsCellModel.swift in Sources */ = {isa = PBXBuildFile; fileRef = 57BFE6E92C5A945400282369 /* SettingsCellModel.swift */; };
/* End PBXBuildFile section */

/* Begin PBXFileReference section */
		571E82572C62307500F6E2C0 /* en */ = {isa = PBXFileReference; lastKnownFileType = text.plist.strings; name = en; path = en.lproj/Localizable.strings; sourceTree = "<group>"; };
		571E82592C62307900F6E2C0 /* ru */ = {isa = PBXFileReference; lastKnownFileType = text.plist.strings; name = ru; path = ru.lproj/Localizable.strings; sourceTree = "<group>"; };
		571E825A2C6230EC00F6E2C0 /* String+Extension.swift */ = {isa = PBXFileReference; lastKnownFileType = sourcecode.swift; path = "String+Extension.swift"; sourceTree = "<group>"; };
		577E12432C5B708F005903D8 /* SelectCategoryView.swift */ = {isa = PBXFileReference; lastKnownFileType = sourcecode.swift; path = SelectCategoryView.swift; sourceTree = "<group>"; };
		577E12492C5B7587005903D8 /* SelectBackgroundView.swift */ = {isa = PBXFileReference; lastKnownFileType = sourcecode.swift; path = SelectBackgroundView.swift; sourceTree = "<group>"; };
		577E124B2C5B75E0005903D8 /* SelectGenderView.swift */ = {isa = PBXFileReference; lastKnownFileType = sourcecode.swift; path = SelectGenderView.swift; sourceTree = "<group>"; };
		577E124D2C5BA1AB005903D8 /* OnboardingViewModel.swift */ = {isa = PBXFileReference; lastKnownFileType = sourcecode.swift; path = OnboardingViewModel.swift; sourceTree = "<group>"; };
		577E12502C5BB8DA005903D8 /* SettingsTableViewCellViewModel.swift */ = {isa = PBXFileReference; lastKnownFileType = sourcecode.swift; path = SettingsTableViewCellViewModel.swift; sourceTree = "<group>"; };
		577EAFB52C5CB0AF0074D143 /* SettingsModel.swift */ = {isa = PBXFileReference; lastKnownFileType = sourcecode.swift; path = SettingsModel.swift; sourceTree = "<group>"; };
		57BFE6C82C5A13AC00282369 /* Affirmations.app */ = {isa = PBXFileReference; explicitFileType = wrapper.application; includeInIndex = 0; path = Affirmations.app; sourceTree = BUILT_PRODUCTS_DIR; };
		57BFE6CB2C5A13AC00282369 /* AffirmationsApp.swift */ = {isa = PBXFileReference; lastKnownFileType = sourcecode.swift; path = AffirmationsApp.swift; sourceTree = "<group>"; };
		57BFE6CD2C5A13AC00282369 /* AffirmationsView.swift */ = {isa = PBXFileReference; lastKnownFileType = sourcecode.swift; path = AffirmationsView.swift; sourceTree = "<group>"; };
		57BFE6CF2C5A13AD00282369 /* Assets.xcassets */ = {isa = PBXFileReference; lastKnownFileType = folder.assetcatalog; path = Assets.xcassets; sourceTree = "<group>"; };
		57BFE6D22C5A13AD00282369 /* Preview Assets.xcassets */ = {isa = PBXFileReference; lastKnownFileType = folder.assetcatalog; path = "Preview Assets.xcassets"; sourceTree = "<group>"; };
		57BFE6D92C5A1FBB00282369 /* AffirmationsViewModel.swift */ = {isa = PBXFileReference; lastKnownFileType = sourcecode.swift; path = AffirmationsViewModel.swift; sourceTree = "<group>"; };
		57BFE6E32C5A741600282369 /* SettingsView.swift */ = {isa = PBXFileReference; lastKnownFileType = sourcecode.swift; path = SettingsView.swift; sourceTree = "<group>"; };
		57BFE6E52C5A742500282369 /* SettingsViewModel.swift */ = {isa = PBXFileReference; lastKnownFileType = sourcecode.swift; path = SettingsViewModel.swift; sourceTree = "<group>"; };
		57BFE6E72C5A869B00282369 /* SettingsTableViewCell.swift */ = {isa = PBXFileReference; lastKnownFileType = sourcecode.swift; path = SettingsTableViewCell.swift; sourceTree = "<group>"; };
		57BFE6E92C5A945400282369 /* SettingsCellModel.swift */ = {isa = PBXFileReference; lastKnownFileType = sourcecode.swift; path = SettingsCellModel.swift; sourceTree = "<group>"; };
/* End PBXFileReference section */

/* Begin PBXFrameworksBuildPhase section */
		57BFE6C52C5A13AC00282369 /* Frameworks */ = {
			isa = PBXFrameworksBuildPhase;
			buildActionMask = 2147483647;
			files = (
			);
			runOnlyForDeploymentPostprocessing = 0;
		};
/* End PBXFrameworksBuildPhase section */

/* Begin PBXGroup section */
		571E825C2C62354000F6E2C0 /* Extentions */ = {
			isa = PBXGroup;
			children = (
				571E825A2C6230EC00F6E2C0 /* String+Extension.swift */,
			);
			path = Extentions;
			sourceTree = "<group>";
		};
		577E12422C5B7016005903D8 /* OnboardingViews */ = {
			isa = PBXGroup;
			children = (
				577E12432C5B708F005903D8 /* SelectCategoryView.swift */,
				577E124B2C5B75E0005903D8 /* SelectGenderView.swift */,
				577E12492C5B7587005903D8 /* SelectBackgroundView.swift */,
				577E124D2C5BA1AB005903D8 /* OnboardingViewModel.swift */,
			);
			path = OnboardingViews;
			sourceTree = "<group>";
		};
		577E124F2C5BB8B0005903D8 /* SettingsTableViewCell */ = {
			isa = PBXGroup;
			children = (
				57BFE6E72C5A869B00282369 /* SettingsTableViewCell.swift */,
				577E12502C5BB8DA005903D8 /* SettingsTableViewCellViewModel.swift */,
			);
			path = SettingsTableViewCell;
			sourceTree = "<group>";
		};
		57BFE6BF2C5A13AC00282369 = {
			isa = PBXGroup;
			children = (
				57BFE6CA2C5A13AC00282369 /* Affirmations */,
				57BFE6C92C5A13AC00282369 /* Products */,
			);
			sourceTree = "<group>";
		};
		57BFE6C92C5A13AC00282369 /* Products */ = {
			isa = PBXGroup;
			children = (
				57BFE6C82C5A13AC00282369 /* Affirmations.app */,
			);
			name = Products;
			sourceTree = "<group>";
		};
		57BFE6CA2C5A13AC00282369 /* Affirmations */ = {
			isa = PBXGroup;
			children = (
				577E12422C5B7016005903D8 /* OnboardingViews */,
				57BFE6E22C5A73F400282369 /* Settings */,
				57BFE6DC2C5A1FD500282369 /* Models */,
				57BFE6DB2C5A1FC100282369 /* Affirmations */,
				57BFE6CB2C5A13AC00282369 /* AffirmationsApp.swift */,
				57BFE6CD2C5A13AC00282369 /* AffirmationsView.swift */,
				571E825C2C62354000F6E2C0 /* Extentions */,
				57BFE6CF2C5A13AD00282369 /* Assets.xcassets */,
				57BFE6D12C5A13AD00282369 /* Preview Content */,
				571E82562C62307500F6E2C0 /* Localizable.strings */,
			);
			path = Affirmations;
			sourceTree = "<group>";
		};
		57BFE6D12C5A13AD00282369 /* Preview Content */ = {
			isa = PBXGroup;
			children = (
				57BFE6D22C5A13AD00282369 /* Preview Assets.xcassets */,
			);
			path = "Preview Content";
			sourceTree = "<group>";
		};
		57BFE6DB2C5A1FC100282369 /* Affirmations */ = {
			isa = PBXGroup;
			children = (
				57BFE6D92C5A1FBB00282369 /* AffirmationsViewModel.swift */,
			);
			path = Affirmations;
			sourceTree = "<group>";
		};
		57BFE6DC2C5A1FD500282369 /* Models */ = {
			isa = PBXGroup;
			children = (
				57BFE6E92C5A945400282369 /* SettingsCellModel.swift */,
				577EAFB52C5CB0AF0074D143 /* SettingsModel.swift */,
			);
			path = Models;
			sourceTree = "<group>";
		};
		57BFE6E22C5A73F400282369 /* Settings */ = {
			isa = PBXGroup;
			children = (
				577E124F2C5BB8B0005903D8 /* SettingsTableViewCell */,
				57BFE6E32C5A741600282369 /* SettingsView.swift */,
				57BFE6E52C5A742500282369 /* SettingsViewModel.swift */,
			);
			path = Settings;
			sourceTree = "<group>";
		};
/* End PBXGroup section */

/* Begin PBXNativeTarget section */
		57BFE6C72C5A13AC00282369 /* Affirmations */ = {
			isa = PBXNativeTarget;
			buildConfigurationList = 57BFE6D62C5A13AD00282369 /* Build configuration list for PBXNativeTarget "Affirmations" */;
			buildPhases = (
				57BFE6C42C5A13AC00282369 /* Sources */,
				57BFE6C52C5A13AC00282369 /* Frameworks */,
				57BFE6C62C5A13AC00282369 /* Resources */,
			);
			buildRules = (
			);
			dependencies = (
			);
			name = Affirmations;
			packageProductDependencies = (
			);
			productName = Affirmations;
			productReference = 57BFE6C82C5A13AC00282369 /* Affirmations.app */;
			productType = "com.apple.product-type.application";
		};
/* End PBXNativeTarget section */

/* Begin PBXProject section */
		57BFE6C02C5A13AC00282369 /* Project object */ = {
			isa = PBXProject;
			attributes = {
				BuildIndependentTargetsInParallel = 1;
				LastSwiftUpdateCheck = 1540;
				LastUpgradeCheck = 1540;
				TargetAttributes = {
					57BFE6C72C5A13AC00282369 = {
						CreatedOnToolsVersion = 15.4;
					};
				};
			};
			buildConfigurationList = 57BFE6C32C5A13AC00282369 /* Build configuration list for PBXProject "Affirmations" */;
			compatibilityVersion = "Xcode 14.0";
			developmentRegion = en;
			hasScannedForEncodings = 0;
			knownRegions = (
				en,
				Base,
				ru,
			);
			mainGroup = 57BFE6BF2C5A13AC00282369;
			packageReferences = (
			);
			productRefGroup = 57BFE6C92C5A13AC00282369 /* Products */;
			projectDirPath = "";
			projectRoot = "";
			targets = (
				57BFE6C72C5A13AC00282369 /* Affirmations */,
			);
		};
/* End PBXProject section */

/* Begin PBXResourcesBuildPhase section */
		57BFE6C62C5A13AC00282369 /* Resources */ = {
			isa = PBXResourcesBuildPhase;
			buildActionMask = 2147483647;
			files = (
				57BFE6D32C5A13AD00282369 /* Preview Assets.xcassets in Resources */,
				571E82582C62307500F6E2C0 /* Localizable.strings in Resources */,
				57BFE6D02C5A13AD00282369 /* Assets.xcassets in Resources */,
			);
			runOnlyForDeploymentPostprocessing = 0;
		};
/* End PBXResourcesBuildPhase section */

/* Begin PBXSourcesBuildPhase section */
		57BFE6C42C5A13AC00282369 /* Sources */ = {
			isa = PBXSourcesBuildPhase;
			buildActionMask = 2147483647;
			files = (
				57BFE6CE2C5A13AC00282369 /* AffirmationsView.swift in Sources */,
				57BFE6E82C5A869B00282369 /* SettingsTableViewCell.swift in Sources */,
				57BFE6DA2C5A1FBC00282369 /* AffirmationsViewModel.swift in Sources */,
				577E124C2C5B75E0005903D8 /* SelectGenderView.swift in Sources */,
				57BFE6EA2C5A945400282369 /* SettingsCellModel.swift in Sources */,
				57BFE6E42C5A741600282369 /* SettingsView.swift in Sources */,
				577E12442C5B708F005903D8 /* SelectCategoryView.swift in Sources */,
				577E124A2C5B7587005903D8 /* SelectBackgroundView.swift in Sources */,
				571E825B2C6230EC00F6E2C0 /* String+Extension.swift in Sources */,
				577E124E2C5BA1AB005903D8 /* OnboardingViewModel.swift in Sources */,
				57BFE6CC2C5A13AC00282369 /* AffirmationsApp.swift in Sources */,
				57BFE6E62C5A742500282369 /* SettingsViewModel.swift in Sources */,
				577E12512C5BB8DA005903D8 /* SettingsTableViewCellViewModel.swift in Sources */,
				577EAFB62C5CB0AF0074D143 /* SettingsModel.swift in Sources */,
			);
			runOnlyForDeploymentPostprocessing = 0;
		};
/* End PBXSourcesBuildPhase section */

/* Begin PBXVariantGroup section */
		571E82562C62307500F6E2C0 /* Localizable.strings */ = {
			isa = PBXVariantGroup;
			children = (
				571E82572C62307500F6E2C0 /* en */,
				571E82592C62307900F6E2C0 /* ru */,
			);
			name = Localizable.strings;
			sourceTree = "<group>";
		};
/* End PBXVariantGroup section */

/* Begin XCBuildConfiguration section */
		57BFE6D42C5A13AD00282369 /* Debug */ = {
			isa = XCBuildConfiguration;
			buildSettings = {
				ALWAYS_SEARCH_USER_PATHS = NO;
				ASSETCATALOG_COMPILER_GENERATE_SWIFT_ASSET_SYMBOL_EXTENSIONS = YES;
				CLANG_ANALYZER_NONNULL = YES;
				CLANG_ANALYZER_NUMBER_OBJECT_CONVERSION = YES_AGGRESSIVE;
				CLANG_CXX_LANGUAGE_STANDARD = "gnu++20";
				CLANG_ENABLE_MODULES = YES;
				CLANG_ENABLE_OBJC_ARC = YES;
				CLANG_ENABLE_OBJC_WEAK = YES;
				CLANG_WARN_BLOCK_CAPTURE_AUTORELEASING = YES;
				CLANG_WARN_BOOL_CONVERSION = YES;
				CLANG_WARN_COMMA = YES;
				CLANG_WARN_CONSTANT_CONVERSION = YES;
				CLANG_WARN_DEPRECATED_OBJC_IMPLEMENTATIONS = YES;
				CLANG_WARN_DIRECT_OBJC_ISA_USAGE = YES_ERROR;
				CLANG_WARN_DOCUMENTATION_COMMENTS = YES;
				CLANG_WARN_EMPTY_BODY = YES;
				CLANG_WARN_ENUM_CONVERSION = YES;
				CLANG_WARN_INFINITE_RECURSION = YES;
				CLANG_WARN_INT_CONVERSION = YES;
				CLANG_WARN_NON_LITERAL_NULL_CONVERSION = YES;
				CLANG_WARN_OBJC_IMPLICIT_RETAIN_SELF = YES;
				CLANG_WARN_OBJC_LITERAL_CONVERSION = YES;
				CLANG_WARN_OBJC_ROOT_CLASS = YES_ERROR;
				CLANG_WARN_QUOTED_INCLUDE_IN_FRAMEWORK_HEADER = YES;
				CLANG_WARN_RANGE_LOOP_ANALYSIS = YES;
				CLANG_WARN_STRICT_PROTOTYPES = YES;
				CLANG_WARN_SUSPICIOUS_MOVE = YES;
				CLANG_WARN_UNGUARDED_AVAILABILITY = YES_AGGRESSIVE;
				CLANG_WARN_UNREACHABLE_CODE = YES;
				CLANG_WARN__DUPLICATE_METHOD_MATCH = YES;
				COPY_PHASE_STRIP = NO;
				DEBUG_INFORMATION_FORMAT = dwarf;
				ENABLE_STRICT_OBJC_MSGSEND = YES;
				ENABLE_TESTABILITY = YES;
				ENABLE_USER_SCRIPT_SANDBOXING = YES;
				GCC_C_LANGUAGE_STANDARD = gnu17;
				GCC_DYNAMIC_NO_PIC = NO;
				GCC_NO_COMMON_BLOCKS = YES;
				GCC_OPTIMIZATION_LEVEL = 0;
				GCC_PREPROCESSOR_DEFINITIONS = (
					"DEBUG=1",
					"$(inherited)",
				);
				GCC_WARN_64_TO_32_BIT_CONVERSION = YES;
				GCC_WARN_ABOUT_RETURN_TYPE = YES_ERROR;
				GCC_WARN_UNDECLARED_SELECTOR = YES;
				GCC_WARN_UNINITIALIZED_AUTOS = YES_AGGRESSIVE;
				GCC_WARN_UNUSED_FUNCTION = YES;
				GCC_WARN_UNUSED_VARIABLE = YES;
				IPHONEOS_DEPLOYMENT_TARGET = 16.0;
				LOCALIZATION_PREFERS_STRING_CATALOGS = YES;
				MTL_ENABLE_DEBUG_INFO = INCLUDE_SOURCE;
				MTL_FAST_MATH = YES;
				ONLY_ACTIVE_ARCH = YES;
				SDKROOT = iphoneos;
				SWIFT_ACTIVE_COMPILATION_CONDITIONS = "DEBUG $(inherited)";
				SWIFT_OPTIMIZATION_LEVEL = "-Onone";
			};
			name = Debug;
		};
		57BFE6D52C5A13AD00282369 /* Release */ = {
			isa = XCBuildConfiguration;
			buildSettings = {
				ALWAYS_SEARCH_USER_PATHS = NO;
				ASSETCATALOG_COMPILER_GENERATE_SWIFT_ASSET_SYMBOL_EXTENSIONS = YES;
				CLANG_ANALYZER_NONNULL = YES;
				CLANG_ANALYZER_NUMBER_OBJECT_CONVERSION = YES_AGGRESSIVE;
				CLANG_CXX_LANGUAGE_STANDARD = "gnu++20";
				CLANG_ENABLE_MODULES = YES;
				CLANG_ENABLE_OBJC_ARC = YES;
				CLANG_ENABLE_OBJC_WEAK = YES;
				CLANG_WARN_BLOCK_CAPTURE_AUTORELEASING = YES;
				CLANG_WARN_BOOL_CONVERSION = YES;
				CLANG_WARN_COMMA = YES;
				CLANG_WARN_CONSTANT_CONVERSION = YES;
				CLANG_WARN_DEPRECATED_OBJC_IMPLEMENTATIONS = YES;
				CLANG_WARN_DIRECT_OBJC_ISA_USAGE = YES_ERROR;
				CLANG_WARN_DOCUMENTATION_COMMENTS = YES;
				CLANG_WARN_EMPTY_BODY = YES;
				CLANG_WARN_ENUM_CONVERSION = YES;
				CLANG_WARN_INFINITE_RECURSION = YES;
				CLANG_WARN_INT_CONVERSION = YES;
				CLANG_WARN_NON_LITERAL_NULL_CONVERSION = YES;
				CLANG_WARN_OBJC_IMPLICIT_RETAIN_SELF = YES;
				CLANG_WARN_OBJC_LITERAL_CONVERSION = YES;
				CLANG_WARN_OBJC_ROOT_CLASS = YES_ERROR;
				CLANG_WARN_QUOTED_INCLUDE_IN_FRAMEWORK_HEADER = YES;
				CLANG_WARN_RANGE_LOOP_ANALYSIS = YES;
				CLANG_WARN_STRICT_PROTOTYPES = YES;
				CLANG_WARN_SUSPICIOUS_MOVE = YES;
				CLANG_WARN_UNGUARDED_AVAILABILITY = YES_AGGRESSIVE;
				CLANG_WARN_UNREACHABLE_CODE = YES;
				CLANG_WARN__DUPLICATE_METHOD_MATCH = YES;
				COPY_PHASE_STRIP = NO;
				DEBUG_INFORMATION_FORMAT = "dwarf-with-dsym";
				ENABLE_NS_ASSERTIONS = NO;
				ENABLE_STRICT_OBJC_MSGSEND = YES;
				ENABLE_USER_SCRIPT_SANDBOXING = YES;
				GCC_C_LANGUAGE_STANDARD = gnu17;
				GCC_NO_COMMON_BLOCKS = YES;
				GCC_WARN_64_TO_32_BIT_CONVERSION = YES;
				GCC_WARN_ABOUT_RETURN_TYPE = YES_ERROR;
				GCC_WARN_UNDECLARED_SELECTOR = YES;
				GCC_WARN_UNINITIALIZED_AUTOS = YES_AGGRESSIVE;
				GCC_WARN_UNUSED_FUNCTION = YES;
				GCC_WARN_UNUSED_VARIABLE = YES;
				IPHONEOS_DEPLOYMENT_TARGET = 16.0;
				LOCALIZATION_PREFERS_STRING_CATALOGS = YES;
				MTL_ENABLE_DEBUG_INFO = NO;
				MTL_FAST_MATH = YES;
				SDKROOT = iphoneos;
				SWIFT_COMPILATION_MODE = wholemodule;
				VALIDATE_PRODUCT = YES;
			};
			name = Release;
		};
		57BFE6D72C5A13AD00282369 /* Debug */ = {
			isa = XCBuildConfiguration;
			buildSettings = {
				ASSETCATALOG_COMPILER_APPICON_NAME = AppIcon;
				ASSETCATALOG_COMPILER_GLOBAL_ACCENT_COLOR_NAME = AccentColor;
				CODE_SIGN_STYLE = Automatic;
				CURRENT_PROJECT_VERSION = 1;
				DEVELOPMENT_ASSET_PATHS = "\"Affirmations/Preview Content\"";
				ENABLE_PREVIEWS = YES;
				GENERATE_INFOPLIST_FILE = YES;
				INFOPLIST_KEY_UIApplicationSceneManifest_Generation = YES;
				INFOPLIST_KEY_UIApplicationSupportsIndirectInputEvents = YES;
				INFOPLIST_KEY_UILaunchScreen_Generation = YES;
				INFOPLIST_KEY_UISupportedInterfaceOrientations_iPad = "UIInterfaceOrientationPortrait UIInterfaceOrientationPortraitUpsideDown UIInterfaceOrientationLandscapeLeft UIInterfaceOrientationLandscapeRight";
				INFOPLIST_KEY_UISupportedInterfaceOrientations_iPhone = "UIInterfaceOrientationPortrait UIInterfaceOrientationLandscapeLeft UIInterfaceOrientationLandscapeRight";
				IPHONEOS_DEPLOYMENT_TARGET = 16.0;
				LD_RUNPATH_SEARCH_PATHS = (
					"$(inherited)",
					"@executable_path/Frameworks",
				);
				MARKETING_VERSION = 1.0;
				PRODUCT_BUNDLE_IDENTIFIER = "-.Affirmations";
				PRODUCT_NAME = "$(TARGET_NAME)";
				SWIFT_EMIT_LOC_STRINGS = YES;
				SWIFT_VERSION = 5.0;
				TARGETED_DEVICE_FAMILY = "1,2";
			};
			name = Debug;
		};
		57BFE6D82C5A13AD00282369 /* Release */ = {
			isa = XCBuildConfiguration;
			buildSettings = {
				ASSETCATALOG_COMPILER_APPICON_NAME = AppIcon;
				ASSETCATALOG_COMPILER_GLOBAL_ACCENT_COLOR_NAME = AccentColor;
				CODE_SIGN_STYLE = Automatic;
				CURRENT_PROJECT_VERSION = 1;
				DEVELOPMENT_ASSET_PATHS = "\"Affirmations/Preview Content\"";
				ENABLE_PREVIEWS = YES;
				GENERATE_INFOPLIST_FILE = YES;
				INFOPLIST_KEY_UIApplicationSceneManifest_Generation = YES;
				INFOPLIST_KEY_UIApplicationSupportsIndirectInputEvents = YES;
				INFOPLIST_KEY_UILaunchScreen_Generation = YES;
				INFOPLIST_KEY_UISupportedInterfaceOrientations_iPad = "UIInterfaceOrientationPortrait UIInterfaceOrientationPortraitUpsideDown UIInterfaceOrientationLandscapeLeft UIInterfaceOrientationLandscapeRight";
				INFOPLIST_KEY_UISupportedInterfaceOrientations_iPhone = "UIInterfaceOrientationPortrait UIInterfaceOrientationLandscapeLeft UIInterfaceOrientationLandscapeRight";
				IPHONEOS_DEPLOYMENT_TARGET = 16.0;
				LD_RUNPATH_SEARCH_PATHS = (
					"$(inherited)",
					"@executable_path/Frameworks",
				);
				MARKETING_VERSION = 1.0;
				PRODUCT_BUNDLE_IDENTIFIER = "-.Affirmations";
				PRODUCT_NAME = "$(TARGET_NAME)";
				SWIFT_EMIT_LOC_STRINGS = YES;
				SWIFT_VERSION = 5.0;
				TARGETED_DEVICE_FAMILY = "1,2";
			};
			name = Release;
		};
/* End XCBuildConfiguration section */

/* Begin XCConfigurationList section */
		57BFE6C32C5A13AC00282369 /* Build configuration list for PBXProject "Affirmations" */ = {
			isa = XCConfigurationList;
			buildConfigurations = (
				57BFE6D42C5A13AD00282369 /* Debug */,
				57BFE6D52C5A13AD00282369 /* Release */,
			);
			defaultConfigurationIsVisible = 0;
			defaultConfigurationName = Release;
		};
		57BFE6D62C5A13AD00282369 /* Build configuration list for PBXNativeTarget "Affirmations" */ = {
			isa = XCConfigurationList;
			buildConfigurations = (
				57BFE6D72C5A13AD00282369 /* Debug */,
				57BFE6D82C5A13AD00282369 /* Release */,
			);
			defaultConfigurationIsVisible = 0;
			defaultConfigurationName = Release;
		};
/* End XCConfigurationList section */
	};
	rootObject = 57BFE6C02C5A13AC00282369 /* Project object */;
}
